// !$*UTF8*$!
{
	archiveVersion = 1;
	classes = {
	};
	objectVersion = 51;
	objects = {

/* Begin PBXBuildFile section */
		3EC0B6D47D5FB42A70A451AA /* Pods_InstaCloneTests.framework in Frameworks */ = {isa = PBXBuildFile; fileRef = AB6B6831B83715BFF8F18C7F /* Pods_InstaCloneTests.framework */; };
		51C176392243DEA31FBDD980 /* Pods_InstaClone_InstaCloneUITests.framework in Frameworks */ = {isa = PBXBuildFile; fileRef = 3C287ECF87A7B5C999F8D000 /* Pods_InstaClone_InstaCloneUITests.framework */; };
		887749B52694E88C002A854A /* AppDelegate.m in Sources */ = {isa = PBXBuildFile; fileRef = 887749B42694E88C002A854A /* AppDelegate.m */; };
		887749B82694E88C002A854A /* SceneDelegate.m in Sources */ = {isa = PBXBuildFile; fileRef = 887749B72694E88C002A854A /* SceneDelegate.m */; };
		887749BB2694E88C002A854A /* ViewController.m in Sources */ = {isa = PBXBuildFile; fileRef = 887749BA2694E88C002A854A /* ViewController.m */; };
		887749BE2694E88C002A854A /* Main.storyboard in Resources */ = {isa = PBXBuildFile; fileRef = 887749BC2694E88C002A854A /* Main.storyboard */; };
		887749C02694E88D002A854A /* Assets.xcassets in Resources */ = {isa = PBXBuildFile; fileRef = 887749BF2694E88D002A854A /* Assets.xcassets */; };
		887749C32694E88D002A854A /* LaunchScreen.storyboard in Resources */ = {isa = PBXBuildFile; fileRef = 887749C12694E88D002A854A /* LaunchScreen.storyboard */; };
		887749C62694E88D002A854A /* main.m in Sources */ = {isa = PBXBuildFile; fileRef = 887749C52694E88D002A854A /* main.m */; };
		887749D02694E88D002A854A /* InstaCloneTests.m in Sources */ = {isa = PBXBuildFile; fileRef = 887749CF2694E88D002A854A /* InstaCloneTests.m */; };
		887749DB2694E88D002A854A /* InstaCloneUITests.m in Sources */ = {isa = PBXBuildFile; fileRef = 887749DA2694E88D002A854A /* InstaCloneUITests.m */; };
		887749EF2694F1FA002A854A /* LoginViewController.m in Sources */ = {isa = PBXBuildFile; fileRef = 887749EE2694F1FA002A854A /* LoginViewController.m */; };
		887749F22694F5E8002A854A /* HomeViewController.m in Sources */ = {isa = PBXBuildFile; fileRef = 887749F12694F5E8002A854A /* HomeViewController.m */; };
		887749F52694FE22002A854A /* UploadViewController.m in Sources */ = {isa = PBXBuildFile; fileRef = 887749F42694FE22002A854A /* UploadViewController.m */; };
		887749FC269502E8002A854A /* Post.m in Sources */ = {isa = PBXBuildFile; fileRef = 887749FB269502E8002A854A /* Post.m */; };
		88774A032695165E002A854A /* PostCell.m in Sources */ = {isa = PBXBuildFile; fileRef = 88774A022695165E002A854A /* PostCell.m */; };
		88774A06269648B7002A854A /* DetailsViewController.m in Sources */ = {isa = PBXBuildFile; fileRef = 88774A05269648B7002A854A /* DetailsViewController.m */; };
		88774A112697A485002A854A /* ProfileViewController.m in Sources */ = {isa = PBXBuildFile; fileRef = 88774A102697A485002A854A /* ProfileViewController.m */; };
		88774A142697A5E7002A854A /* ProfilePostCell.m in Sources */ = {isa = PBXBuildFile; fileRef = 88774A132697A5E7002A854A /* ProfilePostCell.m */; };
		9D15336A74D60996E8C7E88C /* Pods_InstaClone.framework in Frameworks */ = {isa = PBXBuildFile; fileRef = 4161F2D7CE8F38F150C195A0 /* Pods_InstaClone.framework */; };
/* End PBXBuildFile section */

/* Begin PBXContainerItemProxy section */
		887749CC2694E88D002A854A /* PBXContainerItemProxy */ = {
			isa = PBXContainerItemProxy;
			containerPortal = 887749A82694E88C002A854A /* Project object */;
			proxyType = 1;
			remoteGlobalIDString = 887749AF2694E88C002A854A;
			remoteInfo = InstaClone;
		};
		887749D72694E88D002A854A /* PBXContainerItemProxy */ = {
			isa = PBXContainerItemProxy;
			containerPortal = 887749A82694E88C002A854A /* Project object */;
			proxyType = 1;
			remoteGlobalIDString = 887749AF2694E88C002A854A;
			remoteInfo = InstaClone;
		};
/* End PBXContainerItemProxy section */

/* Begin PBXFileReference section */
		0FC34376A6E1376FBEB78B3A /* Pods-InstaClone.debug.xcconfig */ = {isa = PBXFileReference; includeInIndex = 1; lastKnownFileType = text.xcconfig; name = "Pods-InstaClone.debug.xcconfig"; path = "Target Support Files/Pods-InstaClone/Pods-InstaClone.debug.xcconfig"; sourceTree = "<group>"; };
		3157FC6701F414673A7A84C6 /* Pods-InstaClone.release.xcconfig */ = {isa = PBXFileReference; includeInIndex = 1; lastKnownFileType = text.xcconfig; name = "Pods-InstaClone.release.xcconfig"; path = "Target Support Files/Pods-InstaClone/Pods-InstaClone.release.xcconfig"; sourceTree = "<group>"; };
		3C287ECF87A7B5C999F8D000 /* Pods_InstaClone_InstaCloneUITests.framework */ = {isa = PBXFileReference; explicitFileType = wrapper.framework; includeInIndex = 0; path = Pods_InstaClone_InstaCloneUITests.framework; sourceTree = BUILT_PRODUCTS_DIR; };
		4161F2D7CE8F38F150C195A0 /* Pods_InstaClone.framework */ = {isa = PBXFileReference; explicitFileType = wrapper.framework; includeInIndex = 0; path = Pods_InstaClone.framework; sourceTree = BUILT_PRODUCTS_DIR; };
		887749B02694E88C002A854A /* InstaClone.app */ = {isa = PBXFileReference; explicitFileType = wrapper.application; includeInIndex = 0; path = InstaClone.app; sourceTree = BUILT_PRODUCTS_DIR; };
		887749B32694E88C002A854A /* AppDelegate.h */ = {isa = PBXFileReference; lastKnownFileType = sourcecode.c.h; path = AppDelegate.h; sourceTree = "<group>"; };
		887749B42694E88C002A854A /* AppDelegate.m */ = {isa = PBXFileReference; lastKnownFileType = sourcecode.c.objc; path = AppDelegate.m; sourceTree = "<group>"; };
		887749B62694E88C002A854A /* SceneDelegate.h */ = {isa = PBXFileReference; lastKnownFileType = sourcecode.c.h; path = SceneDelegate.h; sourceTree = "<group>"; };
		887749B72694E88C002A854A /* SceneDelegate.m */ = {isa = PBXFileReference; lastKnownFileType = sourcecode.c.objc; path = SceneDelegate.m; sourceTree = "<group>"; };
		887749B92694E88C002A854A /* ViewController.h */ = {isa = PBXFileReference; lastKnownFileType = sourcecode.c.h; path = ViewController.h; sourceTree = "<group>"; };
		887749BA2694E88C002A854A /* ViewController.m */ = {isa = PBXFileReference; lastKnownFileType = sourcecode.c.objc; path = ViewController.m; sourceTree = "<group>"; };
		887749BD2694E88C002A854A /* Base */ = {isa = PBXFileReference; lastKnownFileType = file.storyboard; name = Base; path = Base.lproj/Main.storyboard; sourceTree = "<group>"; };
		887749BF2694E88D002A854A /* Assets.xcassets */ = {isa = PBXFileReference; lastKnownFileType = folder.assetcatalog; path = Assets.xcassets; sourceTree = "<group>"; };
		887749C22694E88D002A854A /* Base */ = {isa = PBXFileReference; lastKnownFileType = file.storyboard; name = Base; path = Base.lproj/LaunchScreen.storyboard; sourceTree = "<group>"; };
		887749C42694E88D002A854A /* Info.plist */ = {isa = PBXFileReference; lastKnownFileType = text.plist.xml; path = Info.plist; sourceTree = "<group>"; };
		887749C52694E88D002A854A /* main.m */ = {isa = PBXFileReference; lastKnownFileType = sourcecode.c.objc; path = main.m; sourceTree = "<group>"; };
		887749CB2694E88D002A854A /* InstaCloneTests.xctest */ = {isa = PBXFileReference; explicitFileType = wrapper.cfbundle; includeInIndex = 0; path = InstaCloneTests.xctest; sourceTree = BUILT_PRODUCTS_DIR; };
		887749CF2694E88D002A854A /* InstaCloneTests.m */ = {isa = PBXFileReference; lastKnownFileType = sourcecode.c.objc; path = InstaCloneTests.m; sourceTree = "<group>"; };
		887749D12694E88D002A854A /* Info.plist */ = {isa = PBXFileReference; lastKnownFileType = text.plist.xml; path = Info.plist; sourceTree = "<group>"; };
		887749D62694E88D002A854A /* InstaCloneUITests.xctest */ = {isa = PBXFileReference; explicitFileType = wrapper.cfbundle; includeInIndex = 0; path = InstaCloneUITests.xctest; sourceTree = BUILT_PRODUCTS_DIR; };
		887749DA2694E88D002A854A /* InstaCloneUITests.m */ = {isa = PBXFileReference; lastKnownFileType = sourcecode.c.objc; path = InstaCloneUITests.m; sourceTree = "<group>"; };
		887749DC2694E88D002A854A /* Info.plist */ = {isa = PBXFileReference; lastKnownFileType = text.plist.xml; path = Info.plist; sourceTree = "<group>"; };
		887749E82694EC01002A854A /* README.md */ = {isa = PBXFileReference; lastKnownFileType = net.daringfireball.markdown; path = README.md; sourceTree = "<group>"; };
		887749ED2694F1FA002A854A /* LoginViewController.h */ = {isa = PBXFileReference; lastKnownFileType = sourcecode.c.h; path = LoginViewController.h; sourceTree = "<group>"; };
		887749EE2694F1FA002A854A /* LoginViewController.m */ = {isa = PBXFileReference; lastKnownFileType = sourcecode.c.objc; path = LoginViewController.m; sourceTree = "<group>"; };
		887749F02694F5E8002A854A /* HomeViewController.h */ = {isa = PBXFileReference; lastKnownFileType = sourcecode.c.h; path = HomeViewController.h; sourceTree = "<group>"; };
		887749F12694F5E8002A854A /* HomeViewController.m */ = {isa = PBXFileReference; lastKnownFileType = sourcecode.c.objc; path = HomeViewController.m; sourceTree = "<group>"; };
		887749F32694FE22002A854A /* UploadViewController.h */ = {isa = PBXFileReference; lastKnownFileType = sourcecode.c.h; path = UploadViewController.h; sourceTree = "<group>"; };
		887749F42694FE22002A854A /* UploadViewController.m */ = {isa = PBXFileReference; lastKnownFileType = sourcecode.c.objc; path = UploadViewController.m; sourceTree = "<group>"; };
		887749FA269502E8002A854A /* Post.h */ = {isa = PBXFileReference; lastKnownFileType = sourcecode.c.h; path = Post.h; sourceTree = "<group>"; };
		887749FB269502E8002A854A /* Post.m */ = {isa = PBXFileReference; lastKnownFileType = sourcecode.c.objc; path = Post.m; sourceTree = "<group>"; };
		88774A012695165E002A854A /* PostCell.h */ = {isa = PBXFileReference; lastKnownFileType = sourcecode.c.h; path = PostCell.h; sourceTree = "<group>"; };
		88774A022695165E002A854A /* PostCell.m */ = {isa = PBXFileReference; lastKnownFileType = sourcecode.c.objc; path = PostCell.m; sourceTree = "<group>"; };
		88774A04269648B7002A854A /* DetailsViewController.h */ = {isa = PBXFileReference; lastKnownFileType = sourcecode.c.h; path = DetailsViewController.h; sourceTree = "<group>"; };
		88774A05269648B7002A854A /* DetailsViewController.m */ = {isa = PBXFileReference; lastKnownFileType = sourcecode.c.objc; path = DetailsViewController.m; sourceTree = "<group>"; };
		88774A0F2697A485002A854A /* ProfileViewController.h */ = {isa = PBXFileReference; lastKnownFileType = sourcecode.c.h; path = ProfileViewController.h; sourceTree = "<group>"; };
		88774A102697A485002A854A /* ProfileViewController.m */ = {isa = PBXFileReference; lastKnownFileType = sourcecode.c.objc; path = ProfileViewController.m; sourceTree = "<group>"; };
		88774A122697A5E7002A854A /* ProfilePostCell.h */ = {isa = PBXFileReference; lastKnownFileType = sourcecode.c.h; path = ProfilePostCell.h; sourceTree = "<group>"; };
		88774A132697A5E7002A854A /* ProfilePostCell.m */ = {isa = PBXFileReference; lastKnownFileType = sourcecode.c.objc; path = ProfilePostCell.m; sourceTree = "<group>"; };
		9197B95A5C6F65F8FB83DD82 /* Pods-InstaCloneTests.debug.xcconfig */ = {isa = PBXFileReference; includeInIndex = 1; lastKnownFileType = text.xcconfig; name = "Pods-InstaCloneTests.debug.xcconfig"; path = "Target Support Files/Pods-InstaCloneTests/Pods-InstaCloneTests.debug.xcconfig"; sourceTree = "<group>"; };
		9B17842D611066EA11A4A5EE /* Pods-InstaCloneTests.release.xcconfig */ = {isa = PBXFileReference; includeInIndex = 1; lastKnownFileType = text.xcconfig; name = "Pods-InstaCloneTests.release.xcconfig"; path = "Target Support Files/Pods-InstaCloneTests/Pods-InstaCloneTests.release.xcconfig"; sourceTree = "<group>"; };
		AB6B6831B83715BFF8F18C7F /* Pods_InstaCloneTests.framework */ = {isa = PBXFileReference; explicitFileType = wrapper.framework; includeInIndex = 0; path = Pods_InstaCloneTests.framework; sourceTree = BUILT_PRODUCTS_DIR; };
		EBF2BFA0E9C8D313E5289D67 /* Pods-InstaClone-InstaCloneUITests.release.xcconfig */ = {isa = PBXFileReference; includeInIndex = 1; lastKnownFileType = text.xcconfig; name = "Pods-InstaClone-InstaCloneUITests.release.xcconfig"; path = "Target Support Files/Pods-InstaClone-InstaCloneUITests/Pods-InstaClone-InstaCloneUITests.release.xcconfig"; sourceTree = "<group>"; };
		FE79D9CF6C6B293F479A76D5 /* Pods-InstaClone-InstaCloneUITests.debug.xcconfig */ = {isa = PBXFileReference; includeInIndex = 1; lastKnownFileType = text.xcconfig; name = "Pods-InstaClone-InstaCloneUITests.debug.xcconfig"; path = "Target Support Files/Pods-InstaClone-InstaCloneUITests/Pods-InstaClone-InstaCloneUITests.debug.xcconfig"; sourceTree = "<group>"; };
/* End PBXFileReference section */

/* Begin PBXFrameworksBuildPhase section */
		887749AD2694E88C002A854A /* Frameworks */ = {
			isa = PBXFrameworksBuildPhase;
			buildActionMask = 2147483647;
			files = (
				9D15336A74D60996E8C7E88C /* Pods_InstaClone.framework in Frameworks */,
			);
			runOnlyForDeploymentPostprocessing = 0;
		};
		887749C82694E88D002A854A /* Frameworks */ = {
			isa = PBXFrameworksBuildPhase;
			buildActionMask = 2147483647;
			files = (
				3EC0B6D47D5FB42A70A451AA /* Pods_InstaCloneTests.framework in Frameworks */,
			);
			runOnlyForDeploymentPostprocessing = 0;
		};
		887749D32694E88D002A854A /* Frameworks */ = {
			isa = PBXFrameworksBuildPhase;
			buildActionMask = 2147483647;
			files = (
				51C176392243DEA31FBDD980 /* Pods_InstaClone_InstaCloneUITests.framework in Frameworks */,
			);
			runOnlyForDeploymentPostprocessing = 0;
		};
/* End PBXFrameworksBuildPhase section */

/* Begin PBXGroup section */
		8337D1BA37D21F4D301CC452 /* Pods */ = {
			isa = PBXGroup;
			children = (
				0FC34376A6E1376FBEB78B3A /* Pods-InstaClone.debug.xcconfig */,
				3157FC6701F414673A7A84C6 /* Pods-InstaClone.release.xcconfig */,
				FE79D9CF6C6B293F479A76D5 /* Pods-InstaClone-InstaCloneUITests.debug.xcconfig */,
				EBF2BFA0E9C8D313E5289D67 /* Pods-InstaClone-InstaCloneUITests.release.xcconfig */,
				9197B95A5C6F65F8FB83DD82 /* Pods-InstaCloneTests.debug.xcconfig */,
				9B17842D611066EA11A4A5EE /* Pods-InstaCloneTests.release.xcconfig */,
			);
			path = Pods;
			sourceTree = "<group>";
		};
		887749A72694E88C002A854A = {
			isa = PBXGroup;
			children = (
				887749E82694EC01002A854A /* README.md */,
				887749B22694E88C002A854A /* InstaClone */,
				887749CE2694E88D002A854A /* InstaCloneTests */,
				887749D92694E88D002A854A /* InstaCloneUITests */,
				887749B12694E88C002A854A /* Products */,
				8337D1BA37D21F4D301CC452 /* Pods */,
				CDCEBF8DD5A7D393DA654CF0 /* Frameworks */,
			);
			sourceTree = "<group>";
		};
		887749B12694E88C002A854A /* Products */ = {
			isa = PBXGroup;
			children = (
				887749B02694E88C002A854A /* InstaClone.app */,
				887749CB2694E88D002A854A /* InstaCloneTests.xctest */,
				887749D62694E88D002A854A /* InstaCloneUITests.xctest */,
			);
			name = Products;
			sourceTree = "<group>";
		};
		887749B22694E88C002A854A /* InstaClone */ = {
			isa = PBXGroup;
			children = (
				887749FD2695161B002A854A /* Views */,
				887749F6269501E3002A854A /* Models */,
				887749E92694F072002A854A /* ViewControllers */,
				887749B32694E88C002A854A /* AppDelegate.h */,
				887749B42694E88C002A854A /* AppDelegate.m */,
				887749B62694E88C002A854A /* SceneDelegate.h */,
				887749B72694E88C002A854A /* SceneDelegate.m */,
				887749B92694E88C002A854A /* ViewController.h */,
				887749BA2694E88C002A854A /* ViewController.m */,
				887749BC2694E88C002A854A /* Main.storyboard */,
				887749BF2694E88D002A854A /* Assets.xcassets */,
				887749C12694E88D002A854A /* LaunchScreen.storyboard */,
				887749C42694E88D002A854A /* Info.plist */,
				887749C52694E88D002A854A /* main.m */,
			);
			path = InstaClone;
			sourceTree = "<group>";
		};
		887749CE2694E88D002A854A /* InstaCloneTests */ = {
			isa = PBXGroup;
			children = (
				887749CF2694E88D002A854A /* InstaCloneTests.m */,
				887749D12694E88D002A854A /* Info.plist */,
			);
			path = InstaCloneTests;
			sourceTree = "<group>";
		};
		887749D92694E88D002A854A /* InstaCloneUITests */ = {
			isa = PBXGroup;
			children = (
				887749DA2694E88D002A854A /* InstaCloneUITests.m */,
				887749DC2694E88D002A854A /* Info.plist */,
			);
			path = InstaCloneUITests;
			sourceTree = "<group>";
		};
		887749E92694F072002A854A /* ViewControllers */ = {
			isa = PBXGroup;
			children = (
				887749ED2694F1FA002A854A /* LoginViewController.h */,
				887749EE2694F1FA002A854A /* LoginViewController.m */,
				887749F02694F5E8002A854A /* HomeViewController.h */,
				887749F12694F5E8002A854A /* HomeViewController.m */,
				887749F32694FE22002A854A /* UploadViewController.h */,
				887749F42694FE22002A854A /* UploadViewController.m */,
				88774A04269648B7002A854A /* DetailsViewController.h */,
				88774A05269648B7002A854A /* DetailsViewController.m */,
				88774A0F2697A485002A854A /* ProfileViewController.h */,
				88774A102697A485002A854A /* ProfileViewController.m */,
			);
			path = ViewControllers;
			sourceTree = "<group>";
		};
		887749F6269501E3002A854A /* Models */ = {
			isa = PBXGroup;
			children = (
				887749FA269502E8002A854A /* Post.h */,
				887749FB269502E8002A854A /* Post.m */,
			);
			path = Models;
			sourceTree = "<group>";
		};
		887749FD2695161B002A854A /* Views */ = {
			isa = PBXGroup;
			children = (
				88774A012695165E002A854A /* PostCell.h */,
				88774A022695165E002A854A /* PostCell.m */,
				88774A122697A5E7002A854A /* ProfilePostCell.h */,
				88774A132697A5E7002A854A /* ProfilePostCell.m */,
			);
			path = Views;
			sourceTree = "<group>";
		};
		CDCEBF8DD5A7D393DA654CF0 /* Frameworks */ = {
			isa = PBXGroup;
			children = (
				4161F2D7CE8F38F150C195A0 /* Pods_InstaClone.framework */,
				3C287ECF87A7B5C999F8D000 /* Pods_InstaClone_InstaCloneUITests.framework */,
				AB6B6831B83715BFF8F18C7F /* Pods_InstaCloneTests.framework */,
			);
			name = Frameworks;
			sourceTree = "<group>";
		};
/* End PBXGroup section */

/* Begin PBXNativeTarget section */
		887749AF2694E88C002A854A /* InstaClone */ = {
			isa = PBXNativeTarget;
			buildConfigurationList = 887749DF2694E88D002A854A /* Build configuration list for PBXNativeTarget "InstaClone" */;
			buildPhases = (
				FF6A8B46FBDEA93DEA4D966E /* [CP] Check Pods Manifest.lock */,
				887749AC2694E88C002A854A /* Sources */,
				887749AD2694E88C002A854A /* Frameworks */,
				887749AE2694E88C002A854A /* Resources */,
				632A3B8844B95611793D17B9 /* [CP] Embed Pods Frameworks */,
			);
			buildRules = (
			);
			dependencies = (
			);
			name = InstaClone;
			productName = InstaClone;
			productReference = 887749B02694E88C002A854A /* InstaClone.app */;
			productType = "com.apple.product-type.application";
		};
		887749CA2694E88D002A854A /* InstaCloneTests */ = {
			isa = PBXNativeTarget;
			buildConfigurationList = 887749E22694E88D002A854A /* Build configuration list for PBXNativeTarget "InstaCloneTests" */;
			buildPhases = (
				0E827B14D59D4D7E5C26489B /* [CP] Check Pods Manifest.lock */,
				887749C72694E88D002A854A /* Sources */,
				887749C82694E88D002A854A /* Frameworks */,
				887749C92694E88D002A854A /* Resources */,
			);
			buildRules = (
			);
			dependencies = (
				887749CD2694E88D002A854A /* PBXTargetDependency */,
			);
			name = InstaCloneTests;
			productName = InstaCloneTests;
			productReference = 887749CB2694E88D002A854A /* InstaCloneTests.xctest */;
			productType = "com.apple.product-type.bundle.unit-test";
		};
		887749D52694E88D002A854A /* InstaCloneUITests */ = {
			isa = PBXNativeTarget;
			buildConfigurationList = 887749E52694E88D002A854A /* Build configuration list for PBXNativeTarget "InstaCloneUITests" */;
			buildPhases = (
				F6EE7377F06CFD51518A2A31 /* [CP] Check Pods Manifest.lock */,
				887749D22694E88D002A854A /* Sources */,
				887749D32694E88D002A854A /* Frameworks */,
				887749D42694E88D002A854A /* Resources */,
				3A0ACC00A2D8DD3BADAC2694 /* [CP] Embed Pods Frameworks */,
			);
			buildRules = (
			);
			dependencies = (
				887749D82694E88D002A854A /* PBXTargetDependency */,
			);
			name = InstaCloneUITests;
			productName = InstaCloneUITests;
			productReference = 887749D62694E88D002A854A /* InstaCloneUITests.xctest */;
			productType = "com.apple.product-type.bundle.ui-testing";
		};
/* End PBXNativeTarget section */

/* Begin PBXProject section */
		887749A82694E88C002A854A /* Project object */ = {
			isa = PBXProject;
			attributes = {
				LastUpgradeCheck = 1250;
				TargetAttributes = {
					887749AF2694E88C002A854A = {
						CreatedOnToolsVersion = 12.5.1;
					};
					887749CA2694E88D002A854A = {
						CreatedOnToolsVersion = 12.5.1;
						TestTargetID = 887749AF2694E88C002A854A;
					};
					887749D52694E88D002A854A = {
						CreatedOnToolsVersion = 12.5.1;
						TestTargetID = 887749AF2694E88C002A854A;
					};
				};
			};
			buildConfigurationList = 887749AB2694E88C002A854A /* Build configuration list for PBXProject "InstaClone" */;
			compatibilityVersion = "Xcode 9.3";
			developmentRegion = en;
			hasScannedForEncodings = 0;
			knownRegions = (
				en,
				Base,
			);
			mainGroup = 887749A72694E88C002A854A;
			productRefGroup = 887749B12694E88C002A854A /* Products */;
			projectDirPath = "";
			projectRoot = "";
			targets = (
				887749AF2694E88C002A854A /* InstaClone */,
				887749CA2694E88D002A854A /* InstaCloneTests */,
				887749D52694E88D002A854A /* InstaCloneUITests */,
			);
		};
/* End PBXProject section */

/* Begin PBXResourcesBuildPhase section */
		887749AE2694E88C002A854A /* Resources */ = {
			isa = PBXResourcesBuildPhase;
			buildActionMask = 2147483647;
			files = (
				887749C32694E88D002A854A /* LaunchScreen.storyboard in Resources */,
				887749C02694E88D002A854A /* Assets.xcassets in Resources */,
				887749BE2694E88C002A854A /* Main.storyboard in Resources */,
			);
			runOnlyForDeploymentPostprocessing = 0;
		};
		887749C92694E88D002A854A /* Resources */ = {
			isa = PBXResourcesBuildPhase;
			buildActionMask = 2147483647;
			files = (
			);
			runOnlyForDeploymentPostprocessing = 0;
		};
		887749D42694E88D002A854A /* Resources */ = {
			isa = PBXResourcesBuildPhase;
			buildActionMask = 2147483647;
			files = (
			);
			runOnlyForDeploymentPostprocessing = 0;
		};
/* End PBXResourcesBuildPhase section */

/* Begin PBXShellScriptBuildPhase section */
		0E827B14D59D4D7E5C26489B /* [CP] Check Pods Manifest.lock */ = {
			isa = PBXShellScriptBuildPhase;
			buildActionMask = 2147483647;
			files = (
			);
			inputFileListPaths = (
			);
			inputPaths = (
				"${PODS_PODFILE_DIR_PATH}/Podfile.lock",
				"${PODS_ROOT}/Manifest.lock",
			);
			name = "[CP] Check Pods Manifest.lock";
			outputFileListPaths = (
			);
			outputPaths = (
				"$(DERIVED_FILE_DIR)/Pods-InstaCloneTests-checkManifestLockResult.txt",
			);
			runOnlyForDeploymentPostprocessing = 0;
			shellPath = /bin/sh;
			shellScript = "diff \"${PODS_PODFILE_DIR_PATH}/Podfile.lock\" \"${PODS_ROOT}/Manifest.lock\" > /dev/null\nif [ $? != 0 ] ; then\n    # print error to STDERR\n    echo \"error: The sandbox is not in sync with the Podfile.lock. Run 'pod install' or update your CocoaPods installation.\" >&2\n    exit 1\nfi\n# This output is used by Xcode 'outputs' to avoid re-running this script phase.\necho \"SUCCESS\" > \"${SCRIPT_OUTPUT_FILE_0}\"\n";
			showEnvVarsInLog = 0;
		};
		3A0ACC00A2D8DD3BADAC2694 /* [CP] Embed Pods Frameworks */ = {
			isa = PBXShellScriptBuildPhase;
			buildActionMask = 2147483647;
			files = (
			);
			inputFileListPaths = (
				"${PODS_ROOT}/Target Support Files/Pods-InstaClone-InstaCloneUITests/Pods-InstaClone-InstaCloneUITests-frameworks-${CONFIGURATION}-input-files.xcfilelist",
			);
			name = "[CP] Embed Pods Frameworks";
			outputFileListPaths = (
				"${PODS_ROOT}/Target Support Files/Pods-InstaClone-InstaCloneUITests/Pods-InstaClone-InstaCloneUITests-frameworks-${CONFIGURATION}-output-files.xcfilelist",
			);
			runOnlyForDeploymentPostprocessing = 0;
			shellPath = /bin/sh;
			shellScript = "\"${PODS_ROOT}/Target Support Files/Pods-InstaClone-InstaCloneUITests/Pods-InstaClone-InstaCloneUITests-frameworks.sh\"\n";
			showEnvVarsInLog = 0;
		};
		632A3B8844B95611793D17B9 /* [CP] Embed Pods Frameworks */ = {
			isa = PBXShellScriptBuildPhase;
			buildActionMask = 2147483647;
			files = (
			);
			inputFileListPaths = (
				"${PODS_ROOT}/Target Support Files/Pods-InstaClone/Pods-InstaClone-frameworks-${CONFIGURATION}-input-files.xcfilelist",
			);
			name = "[CP] Embed Pods Frameworks";
			outputFileListPaths = (
				"${PODS_ROOT}/Target Support Files/Pods-InstaClone/Pods-InstaClone-frameworks-${CONFIGURATION}-output-files.xcfilelist",
			);
			runOnlyForDeploymentPostprocessing = 0;
			shellPath = /bin/sh;
			shellScript = "\"${PODS_ROOT}/Target Support Files/Pods-InstaClone/Pods-InstaClone-frameworks.sh\"\n";
			showEnvVarsInLog = 0;
		};
		F6EE7377F06CFD51518A2A31 /* [CP] Check Pods Manifest.lock */ = {
			isa = PBXShellScriptBuildPhase;
			buildActionMask = 2147483647;
			files = (
			);
			inputFileListPaths = (
			);
			inputPaths = (
				"${PODS_PODFILE_DIR_PATH}/Podfile.lock",
				"${PODS_ROOT}/Manifest.lock",
			);
			name = "[CP] Check Pods Manifest.lock";
			outputFileListPaths = (
			);
			outputPaths = (
				"$(DERIVED_FILE_DIR)/Pods-InstaClone-InstaCloneUITests-checkManifestLockResult.txt",
			);
			runOnlyForDeploymentPostprocessing = 0;
			shellPath = /bin/sh;
			shellScript = "diff \"${PODS_PODFILE_DIR_PATH}/Podfile.lock\" \"${PODS_ROOT}/Manifest.lock\" > /dev/null\nif [ $? != 0 ] ; then\n    # print error to STDERR\n    echo \"error: The sandbox is not in sync with the Podfile.lock. Run 'pod install' or update your CocoaPods installation.\" >&2\n    exit 1\nfi\n# This output is used by Xcode 'outputs' to avoid re-running this script phase.\necho \"SUCCESS\" > \"${SCRIPT_OUTPUT_FILE_0}\"\n";
			showEnvVarsInLog = 0;
		};
		FF6A8B46FBDEA93DEA4D966E /* [CP] Check Pods Manifest.lock */ = {
			isa = PBXShellScriptBuildPhase;
			buildActionMask = 2147483647;
			files = (
			);
			inputFileListPaths = (
			);
			inputPaths = (
				"${PODS_PODFILE_DIR_PATH}/Podfile.lock",
				"${PODS_ROOT}/Manifest.lock",
			);
			name = "[CP] Check Pods Manifest.lock";
			outputFileListPaths = (
			);
			outputPaths = (
				"$(DERIVED_FILE_DIR)/Pods-InstaClone-checkManifestLockResult.txt",
			);
			runOnlyForDeploymentPostprocessing = 0;
			shellPath = /bin/sh;
			shellScript = "diff \"${PODS_PODFILE_DIR_PATH}/Podfile.lock\" \"${PODS_ROOT}/Manifest.lock\" > /dev/null\nif [ $? != 0 ] ; then\n    # print error to STDERR\n    echo \"error: The sandbox is not in sync with the Podfile.lock. Run 'pod install' or update your CocoaPods installation.\" >&2\n    exit 1\nfi\n# This output is used by Xcode 'outputs' to avoid re-running this script phase.\necho \"SUCCESS\" > \"${SCRIPT_OUTPUT_FILE_0}\"\n";
			showEnvVarsInLog = 0;
		};
/* End PBXShellScriptBuildPhase section */

/* Begin PBXSourcesBuildPhase section */
		887749AC2694E88C002A854A /* Sources */ = {
			isa = PBXSourcesBuildPhase;
			buildActionMask = 2147483647;
			files = (
				887749F52694FE22002A854A /* UploadViewController.m in Sources */,
				88774A06269648B7002A854A /* DetailsViewController.m in Sources */,
				887749BB2694E88C002A854A /* ViewController.m in Sources */,
				887749B52694E88C002A854A /* AppDelegate.m in Sources */,
				887749C62694E88D002A854A /* main.m in Sources */,
				887749B82694E88C002A854A /* SceneDelegate.m in Sources */,
				88774A032695165E002A854A /* PostCell.m in Sources */,
				887749EF2694F1FA002A854A /* LoginViewController.m in Sources */,
				88774A112697A485002A854A /* ProfileViewController.m in Sources */,
				887749F22694F5E8002A854A /* HomeViewController.m in Sources */,
				887749FC269502E8002A854A /* Post.m in Sources */,
				88774A142697A5E7002A854A /* ProfilePostCell.m in Sources */,
			);
			runOnlyForDeploymentPostprocessing = 0;
		};
		887749C72694E88D002A854A /* Sources */ = {
			isa = PBXSourcesBuildPhase;
			buildActionMask = 2147483647;
			files = (
				887749D02694E88D002A854A /* InstaCloneTests.m in Sources */,
			);
			runOnlyForDeploymentPostprocessing = 0;
		};
		887749D22694E88D002A854A /* Sources */ = {
			isa = PBXSourcesBuildPhase;
			buildActionMask = 2147483647;
			files = (
				887749DB2694E88D002A854A /* InstaCloneUITests.m in Sources */,
			);
			runOnlyForDeploymentPostprocessing = 0;
		};
/* End PBXSourcesBuildPhase section */

/* Begin PBXTargetDependency section */
		887749CD2694E88D002A854A /* PBXTargetDependency */ = {
			isa = PBXTargetDependency;
			target = 887749AF2694E88C002A854A /* InstaClone */;
			targetProxy = 887749CC2694E88D002A854A /* PBXContainerItemProxy */;
		};
		887749D82694E88D002A854A /* PBXTargetDependency */ = {
			isa = PBXTargetDependency;
			target = 887749AF2694E88C002A854A /* InstaClone */;
			targetProxy = 887749D72694E88D002A854A /* PBXContainerItemProxy */;
		};
/* End PBXTargetDependency section */

/* Begin PBXVariantGroup section */
		887749BC2694E88C002A854A /* Main.storyboard */ = {
			isa = PBXVariantGroup;
			children = (
				887749BD2694E88C002A854A /* Base */,
			);
			name = Main.storyboard;
			sourceTree = "<group>";
		};
		887749C12694E88D002A854A /* LaunchScreen.storyboard */ = {
			isa = PBXVariantGroup;
			children = (
				887749C22694E88D002A854A /* Base */,
			);
			name = LaunchScreen.storyboard;
			sourceTree = "<group>";
		};
/* End PBXVariantGroup section */

/* Begin XCBuildConfiguration section */
		887749DD2694E88D002A854A /* Debug */ = {
			isa = XCBuildConfiguration;
			buildSettings = {
				ALWAYS_SEARCH_USER_PATHS = NO;
				CLANG_ANALYZER_NONNULL = YES;
				CLANG_ANALYZER_NUMBER_OBJECT_CONVERSION = YES_AGGRESSIVE;
				CLANG_CXX_LANGUAGE_STANDARD = "gnu++14";
				CLANG_CXX_LIBRARY = "libc++";
				CLANG_ENABLE_MODULES = YES;
				CLANG_ENABLE_OBJC_ARC = YES;
				CLANG_ENABLE_OBJC_WEAK = YES;
				CLANG_WARN_BLOCK_CAPTURE_AUTORELEASING = YES;
				CLANG_WARN_BOOL_CONVERSION = YES;
				CLANG_WARN_COMMA = YES;
				CLANG_WARN_CONSTANT_CONVERSION = YES;
				CLANG_WARN_DEPRECATED_OBJC_IMPLEMENTATIONS = YES;
				CLANG_WARN_DIRECT_OBJC_ISA_USAGE = YES_ERROR;
				CLANG_WARN_DOCUMENTATION_COMMENTS = YES;
				CLANG_WARN_EMPTY_BODY = YES;
				CLANG_WARN_ENUM_CONVERSION = YES;
				CLANG_WARN_INFINITE_RECURSION = YES;
				CLANG_WARN_INT_CONVERSION = YES;
				CLANG_WARN_NON_LITERAL_NULL_CONVERSION = YES;
				CLANG_WARN_OBJC_IMPLICIT_RETAIN_SELF = YES;
				CLANG_WARN_OBJC_LITERAL_CONVERSION = YES;
				CLANG_WARN_OBJC_ROOT_CLASS = YES_ERROR;
				CLANG_WARN_QUOTED_INCLUDE_IN_FRAMEWORK_HEADER = YES;
				CLANG_WARN_RANGE_LOOP_ANALYSIS = YES;
				CLANG_WARN_STRICT_PROTOTYPES = YES;
				CLANG_WARN_SUSPICIOUS_MOVE = YES;
				CLANG_WARN_UNGUARDED_AVAILABILITY = YES_AGGRESSIVE;
				CLANG_WARN_UNREACHABLE_CODE = YES;
				CLANG_WARN__DUPLICATE_METHOD_MATCH = YES;
				COPY_PHASE_STRIP = NO;
				DEBUG_INFORMATION_FORMAT = dwarf;
				ENABLE_STRICT_OBJC_MSGSEND = YES;
				ENABLE_TESTABILITY = YES;
				GCC_C_LANGUAGE_STANDARD = gnu11;
				GCC_DYNAMIC_NO_PIC = NO;
				GCC_NO_COMMON_BLOCKS = YES;
				GCC_OPTIMIZATION_LEVEL = 0;
				GCC_PREPROCESSOR_DEFINITIONS = (
					"DEBUG=1",
					"$(inherited)",
				);
				GCC_WARN_64_TO_32_BIT_CONVERSION = YES;
				GCC_WARN_ABOUT_RETURN_TYPE = YES_ERROR;
				GCC_WARN_UNDECLARED_SELECTOR = YES;
				GCC_WARN_UNINITIALIZED_AUTOS = YES_AGGRESSIVE;
				GCC_WARN_UNUSED_FUNCTION = YES;
				GCC_WARN_UNUSED_VARIABLE = YES;
				IPHONEOS_DEPLOYMENT_TARGET = 14.5;
				MTL_ENABLE_DEBUG_INFO = INCLUDE_SOURCE;
				MTL_FAST_MATH = YES;
				ONLY_ACTIVE_ARCH = YES;
				SDKROOT = iphoneos;
			};
			name = Debug;
		};
		887749DE2694E88D002A854A /* Release */ = {
			isa = XCBuildConfiguration;
			buildSettings = {
				ALWAYS_SEARCH_USER_PATHS = NO;
				CLANG_ANALYZER_NONNULL = YES;
				CLANG_ANALYZER_NUMBER_OBJECT_CONVERSION = YES_AGGRESSIVE;
				CLANG_CXX_LANGUAGE_STANDARD = "gnu++14";
				CLANG_CXX_LIBRARY = "libc++";
				CLANG_ENABLE_MODULES = YES;
				CLANG_ENABLE_OBJC_ARC = YES;
				CLANG_ENABLE_OBJC_WEAK = YES;
				CLANG_WARN_BLOCK_CAPTURE_AUTORELEASING = YES;
				CLANG_WARN_BOOL_CONVERSION = YES;
				CLANG_WARN_COMMA = YES;
				CLANG_WARN_CONSTANT_CONVERSION = YES;
				CLANG_WARN_DEPRECATED_OBJC_IMPLEMENTATIONS = YES;
				CLANG_WARN_DIRECT_OBJC_ISA_USAGE = YES_ERROR;
				CLANG_WARN_DOCUMENTATION_COMMENTS = YES;
				CLANG_WARN_EMPTY_BODY = YES;
				CLANG_WARN_ENUM_CONVERSION = YES;
				CLANG_WARN_INFINITE_RECURSION = YES;
				CLANG_WARN_INT_CONVERSION = YES;
				CLANG_WARN_NON_LITERAL_NULL_CONVERSION = YES;
				CLANG_WARN_OBJC_IMPLICIT_RETAIN_SELF = YES;
				CLANG_WARN_OBJC_LITERAL_CONVERSION = YES;
				CLANG_WARN_OBJC_ROOT_CLASS = YES_ERROR;
				CLANG_WARN_QUOTED_INCLUDE_IN_FRAMEWORK_HEADER = YES;
				CLANG_WARN_RANGE_LOOP_ANALYSIS = YES;
				CLANG_WARN_STRICT_PROTOTYPES = YES;
				CLANG_WARN_SUSPICIOUS_MOVE = YES;
				CLANG_WARN_UNGUARDED_AVAILABILITY = YES_AGGRESSIVE;
				CLANG_WARN_UNREACHABLE_CODE = YES;
				CLANG_WARN__DUPLICATE_METHOD_MATCH = YES;
				COPY_PHASE_STRIP = NO;
				DEBUG_INFORMATION_FORMAT = "dwarf-with-dsym";
				ENABLE_NS_ASSERTIONS = NO;
				ENABLE_STRICT_OBJC_MSGSEND = YES;
				GCC_C_LANGUAGE_STANDARD = gnu11;
				GCC_NO_COMMON_BLOCKS = YES;
				GCC_WARN_64_TO_32_BIT_CONVERSION = YES;
				GCC_WARN_ABOUT_RETURN_TYPE = YES_ERROR;
				GCC_WARN_UNDECLARED_SELECTOR = YES;
				GCC_WARN_UNINITIALIZED_AUTOS = YES_AGGRESSIVE;
				GCC_WARN_UNUSED_FUNCTION = YES;
				GCC_WARN_UNUSED_VARIABLE = YES;
				IPHONEOS_DEPLOYMENT_TARGET = 14.5;
				MTL_ENABLE_DEBUG_INFO = NO;
				MTL_FAST_MATH = YES;
				SDKROOT = iphoneos;
				VALIDATE_PRODUCT = YES;
			};
			name = Release;
		};
		887749E02694E88D002A854A /* Debug */ = {
			isa = XCBuildConfiguration;
			baseConfigurationReference = 0FC34376A6E1376FBEB78B3A /* Pods-InstaClone.debug.xcconfig */;
			buildSettings = {
				ASSETCATALOG_COMPILER_APPICON_NAME = AppIcon;
				ASSETCATALOG_COMPILER_GLOBAL_ACCENT_COLOR_NAME = AccentColor;
				CODE_SIGN_STYLE = Automatic;
				DEVELOPMENT_TEAM = L69YQ2AT9Y;
				INFOPLIST_FILE = InstaClone/Info.plist;
				LD_RUNPATH_SEARCH_PATHS = (
					"$(inherited)",
					"@executable_path/Frameworks",
				);
				PRODUCT_BUNDLE_IDENTIFIER = com.abbyli437.InstaClone;
				PRODUCT_NAME = "$(TARGET_NAME)";
				TARGETED_DEVICE_FAMILY = "1,2";
			};
			name = Debug;
		};
		887749E12694E88D002A854A /* Release */ = {
			isa = XCBuildConfiguration;
			baseConfigurationReference = 3157FC6701F414673A7A84C6 /* Pods-InstaClone.release.xcconfig */;
			buildSettings = {
				ASSETCATALOG_COMPILER_APPICON_NAME = AppIcon;
				ASSETCATALOG_COMPILER_GLOBAL_ACCENT_COLOR_NAME = AccentColor;
				CODE_SIGN_STYLE = Automatic;
				DEVELOPMENT_TEAM = L69YQ2AT9Y;
				INFOPLIST_FILE = InstaClone/Info.plist;
				LD_RUNPATH_SEARCH_PATHS = (
					"$(inherited)",
					"@executable_path/Frameworks",
				);
				PRODUCT_BUNDLE_IDENTIFIER = com.abbyli437.InstaClone;
				PRODUCT_NAME = "$(TARGET_NAME)";
				TARGETED_DEVICE_FAMILY = "1,2";
			};
			name = Release;
		};
		887749E32694E88D002A854A /* Debug */ = {
			isa = XCBuildConfiguration;
			baseConfigurationReference = 9197B95A5C6F65F8FB83DD82 /* Pods-InstaCloneTests.debug.xcconfig */;
			buildSettings = {
				BUNDLE_LOADER = "$(TEST_HOST)";
				CODE_SIGN_STYLE = Automatic;
				DEVELOPMENT_TEAM = L69YQ2AT9Y;
				INFOPLIST_FILE = InstaCloneTests/Info.plist;
				IPHONEOS_DEPLOYMENT_TARGET = 14.5;
				LD_RUNPATH_SEARCH_PATHS = (
					"$(inherited)",
					"@executable_path/Frameworks",
					"@loader_path/Frameworks",
				);
				PRODUCT_BUNDLE_IDENTIFIER = com.abbyli437.InstaCloneTests;
				PRODUCT_NAME = "$(TARGET_NAME)";
				TARGETED_DEVICE_FAMILY = "1,2";
				TEST_HOST = "$(BUILT_PRODUCTS_DIR)/InstaClone.app/InstaClone";
			};
			name = Debug;
		};
		887749E42694E88D002A854A /* Release */ = {
			isa = XCBuildConfiguration;
			baseConfigurationReference = 9B17842D611066EA11A4A5EE /* Pods-InstaCloneTests.release.xcconfig */;
			buildSettings = {
				BUNDLE_LOADER = "$(TEST_HOST)";
				CODE_SIGN_STYLE = Automatic;
				DEVELOPMENT_TEAM = L69YQ2AT9Y;
				INFOPLIST_FILE = InstaCloneTests/Info.plist;
				IPHONEOS_DEPLOYMENT_TARGET = 14.5;
				LD_RUNPATH_SEARCH_PATHS = (
					"$(inherited)",
					"@executable_path/Frameworks",
					"@loader_path/Frameworks",
				);
				PRODUCT_BUNDLE_IDENTIFIER = com.abbyli437.InstaCloneTests;
				PRODUCT_NAME = "$(TARGET_NAME)";
				TARGETED_DEVICE_FAMILY = "1,2";
				TEST_HOST = "$(BUILT_PRODUCTS_DIR)/InstaClone.app/InstaClone";
			};
			name = Release;
		};
		887749E62694E88D002A854A /* Debug */ = {
			isa = XCBuildConfiguration;
			baseConfigurationReference = FE79D9CF6C6B293F479A76D5 /* Pods-InstaClone-InstaCloneUITests.debug.xcconfig */;
			buildSettings = {
				CODE_SIGN_STYLE = Automatic;
				DEVELOPMENT_TEAM = L69YQ2AT9Y;
				INFOPLIST_FILE = InstaCloneUITests/Info.plist;
				LD_RUNPATH_SEARCH_PATHS = (
					"$(inherited)",
					"@executable_path/Frameworks",
					"@loader_path/Frameworks",
				);
				PRODUCT_BUNDLE_IDENTIFIER = com.abbyli437.InstaCloneUITests;
				PRODUCT_NAME = "$(TARGET_NAME)";
				TARGETED_DEVICE_FAMILY = "1,2";
				TEST_TARGET_NAME = InstaClone;
			};
			name = Debug;
		};
		887749E72694E88D002A854A /* Release */ = {
			isa = XCBuildConfiguration;
			baseConfigurationReference = EBF2BFA0E9C8D313E5289D67 /* Pods-InstaClone-InstaCloneUITests.release.xcconfig */;
			buildSettings = {
				CODE_SIGN_STYLE = Automatic;
				DEVELOPMENT_TEAM = L69YQ2AT9Y;
				INFOPLIST_FILE = InstaCloneUITests/Info.plist;
				LD_RUNPATH_SEARCH_PATHS = (
					"$(inherited)",
					"@executable_path/Frameworks",
					"@loader_path/Frameworks",
				);
				PRODUCT_BUNDLE_IDENTIFIER = com.abbyli437.InstaCloneUITests;
				PRODUCT_NAME = "$(TARGET_NAME)";
				TARGETED_DEVICE_FAMILY = "1,2";
				TEST_TARGET_NAME = InstaClone;
			};
			name = Release;
		};
/* End XCBuildConfiguration section */

/* Begin XCConfigurationList section */
		887749AB2694E88C002A854A /* Build configuration list for PBXProject "InstaClone" */ = {
			isa = XCConfigurationList;
			buildConfigurations = (
				887749DD2694E88D002A854A /* Debug */,
				887749DE2694E88D002A854A /* Release */,
			);
			defaultConfigurationIsVisible = 0;
			defaultConfigurationName = Release;
		};
		887749DF2694E88D002A854A /* Build configuration list for PBXNativeTarget "InstaClone" */ = {
			isa = XCConfigurationList;
			buildConfigurations = (
				887749E02694E88D002A854A /* Debug */,
				887749E12694E88D002A854A /* Release */,
			);
			defaultConfigurationIsVisible = 0;
			defaultConfigurationName = Release;
		};
		887749E22694E88D002A854A /* Build configuration list for PBXNativeTarget "InstaCloneTests" */ = {
			isa = XCConfigurationList;
			buildConfigurations = (
				887749E32694E88D002A854A /* Debug */,
				887749E42694E88D002A854A /* Release */,
			);
			defaultConfigurationIsVisible = 0;
			defaultConfigurationName = Release;
		};
		887749E52694E88D002A854A /* Build configuration list for PBXNativeTarget "InstaCloneUITests" */ = {
			isa = XCConfigurationList;
			buildConfigurations = (
				887749E62694E88D002A854A /* Debug */,
				887749E72694E88D002A854A /* Release */,
			);
			defaultConfigurationIsVisible = 0;
			defaultConfigurationName = Release;
		};
/* End XCConfigurationList section */
	};
	rootObject = 887749A82694E88C002A854A /* Project object */;
}
